
Microsoft Visual Studio Solution File, Format Version 12.00
# Visual Studio Version 17
VisualStudioVersion = 17.9.34723.18
MinimumVisualStudioVersion = 10.0.40219.1
Project("{FAE04EC0-301F-11D3-BF4B-00C04F79EFBC}") = "WpfApp4", "WpfApp4.csproj", "{2CB07471-BDBC-45D9-A826-753C2D5C8ABB}"
EndProject
Global
	GlobalSection(SolutionConfigurationPlatforms) = preSolution
		Debug|Any CPU = Debug|Any CPU
		Release|Any CPU = Release|Any CPU
	EndGlobalSection
	GlobalSection(ProjectConfigurationPlatforms) = postSolution
		{2CB07471-BDBC-45D9-A826-753C2D5C8ABB}.Debug|Any CPU.ActiveCfg = Debug|Any CPU
		{2CB07471-BDBC-45D9-A826-753C2D5C8ABB}.Debug|Any CPU.Build.0 = Debug|Any CPU
		{2CB07471-BDBC-45D9-A826-753C2D5C8ABB}.Release|Any CPU.ActiveCfg = Release|Any CPU
		{2CB07471-BDBC-45D9-A826-753C2D5C8ABB}.Release|Any CPU.Build.0 = Release|Any CPU
	EndGlobalSection
	GlobalSection(SolutionProperties) = preSolution
		HideSolutionNode = FALSE
	EndGlobalSection
	GlobalSection(ExtensibilityGlobals) = postSolution
		SolutionGuid = {B0A6F922-DC64-492D-86FD-6755919657CE}
	EndGlobalSection
EndGlobal
